// !$*UTF8*$!
{
	archiveVersion = 1;
	classes = {
	};
	objectVersion = 77;
	objects = {

/* Begin PBXBuildFile section */
		C40359102FBB9BB3005E14B7 /* GoogleSignIn in Frameworks */ = {isa = PBXBuildFile; productRef = C403590F2FBB9BB3005E14B7 /* GoogleSignIn */; };
		C40359122FBB9BB3005E14B7 /* GoogleSignInSwift in Frameworks */ = {isa = PBXBuildFile; productRef = C40359112FBB9BB3005E14B7 /* GoogleSignInSwift */; };
		C403591B2FBBA007005E14B7 /* FirebaseAuth in Frameworks */ = {isa = PBXBuildFile; productRef = C403591A2FBBA007005E14B7 /* FirebaseAuth */; };
		C403591D2FBBA01D005E14B7 /* FirebaseFirestore in Frameworks */ = {isa = PBXBuildFile; productRef = C403591C2FBBA01D005E14B7 /* FirebaseFirestore */; };
		C403591F2FBBA025005E14B7 /* FirebaseCore in Frameworks */ = {isa = PBXBuildFile; productRef = C403591E2FBBA025005E14B7 /* FirebaseCore */; };
/* End PBXBuildFile section */

/* Begin PBXFileReference section */
		C40358312FB93728005E14B7 /* VerbaDoc4.xcodeproj */ = {isa = PBXFileReference; lastKnownFileType = "wrapper.pb-project"; path = VerbaDoc4.xcodeproj; sourceTree = "<group>"; };
		C40358B82FBA7B5C005E14B7 /* VerbaDoc4.xcodeproj */ = {isa = PBXFileReference; lastKnownFileType = "wrapper.pb-project"; path = VerbaDoc4.xcodeproj; sourceTree = "<group>"; };
		C40359162FBB9FBB005E14B7 /* VerbaDoc4-Info.plist */ = {isa = PBXFileReference; lastKnownFileType = text.plist; name = "VerbaDoc4-Info.plist"; path = "../VerbaDoc4-Info.plist"; sourceTree = "<group>"; };
		C41C02F52FC7C2B000CA029F /* VerbaDoc4.xcodeproj */ = {isa = PBXFileReference; lastKnownFileType = "wrapper.pb-project"; path = VerbaDoc4.xcodeproj; sourceTree = "<group>"; };
		C44A7F5D2FBD37520058C334 /* VerbaDoc4.xcodeproj */ = {isa = PBXFileReference; lastKnownFileType = "wrapper.pb-project"; path = VerbaDoc4.xcodeproj; sourceTree = "<group>"; };
		C44A820D2FBD3CF90058C334 /* VerbaDoc4.xcodeproj */ = {isa = PBXFileReference; lastKnownFileType = "wrapper.pb-project"; path = VerbaDoc4.xcodeproj; sourceTree = "<group>"; };
		C490EF552FD8569000C0E7BD /* VerbaDoc4.xcodeproj */ = {isa = PBXFileReference; lastKnownFileType = "wrapper.pb-project"; path = VerbaDoc4.xcodeproj; sourceTree = "<group>"; };
		C4AC9BC12FB1600900D38077 /* VerbaDoc4.xcodeproj */ = {isa = PBXFileReference; lastKnownFileType = "wrapper.pb-project"; path = VerbaDoc4.xcodeproj; sourceTree = "<group>"; };
		C4FB923E2F92B4FA004161CC /* VerbaDoc4.app */ = {isa = PBXFileReference; explicitFileType = wrapper.application; includeInIndex = 0; path = VerbaDoc4.app; sourceTree = BUILT_PRODUCTS_DIR; };
/* End PBXFileReference section */

/* Begin PBXFileSystemSynchronizedRootGroup section */
		C4FB92402F92B4FA004161CC /* VerbaDoc4 */ = {
			isa = PBXFileSystemSynchronizedRootGroup;
			path = VerbaDoc4;
			sourceTree = "<group>";
		};
/* End PBXFileSystemSynchronizedRootGroup section */

/* Begin PBXFrameworksBuildPhase section */
		C4FB923B2F92B4FA004161CC /* Frameworks */ = {
			isa = PBXFrameworksBuildPhase;
			buildActionMask = 2147483647;
			files = (
				C40359102FBB9BB3005E14B7 /* GoogleSignIn in Frameworks */,
				C403591F2FBBA025005E14B7 /* FirebaseCore in Frameworks */,
				C403591D2FBBA01D005E14B7 /* FirebaseFirestore in Frameworks */,
				C403591B2FBBA007005E14B7 /* FirebaseAuth in Frameworks */,
				C40359122FBB9BB3005E14B7 /* GoogleSignInSwift in Frameworks */,
			);
			runOnlyForDeploymentPostprocessing = 0;
		};
/* End PBXFrameworksBuildPhase section */

/* Begin PBXGroup section */
		C40358332FB93728005E14B7 /* Products */ = {
			isa = PBXGroup;
			name = Products;
			sourceTree = "<group>";
		};
		C40358BA2FBA7B5C005E14B7 /* Products */ = {
			isa = PBXGroup;
			name = Products;
			sourceTree = "<group>";
		};
		C40359192FBBA007005E14B7 /* Frameworks */ = {
			isa = PBXGroup;
			children = (
			);
			name = Frameworks;
			sourceTree = "<group>";
		};
		C41C02F72FC7C2B000CA029F /* Products */ = {
			isa = PBXGroup;
			name = Products;
			sourceTree = "<group>";
		};
		C44A7F602FBD37520058C334 /* Products */ = {
			isa = PBXGroup;
			name = Products;
			sourceTree = "<group>";
		};
		C44A82102FBD3CF90058C334 /* Products */ = {
			isa = PBXGroup;
			name = Products;
			sourceTree = "<group>";
		};
		C490EF572FD8569000C0E7BD /* Products */ = {
			isa = PBXGroup;
			name = Products;
			sourceTree = "<group>";
		};
		C4AC9BC32FB1600900D38077 /* Products */ = {
			isa = PBXGroup;
			name = Products;
			sourceTree = "<group>";
		};
		C4FB92352F92B4FA004161CC = {
			isa = PBXGroup;
			children = (
				C40359162FBB9FBB005E14B7 /* VerbaDoc4-Info.plist */,
				C4FB925F2F96E0A5004161CC /* .. */,
				C40359192FBBA007005E14B7 /* Frameworks */,
				C4FB923F2F92B4FA004161CC /* Products */,
			);
			sourceTree = "<group>";
		};
		C4FB923F2F92B4FA004161CC /* Products */ = {
			isa = PBXGroup;
			children = (
				C4FB923E2F92B4FA004161CC /* VerbaDoc4.app */,
			);
			name = Products;
			sourceTree = "<group>";
		};
		C4FB925F2F96E0A5004161CC /* .. */ = {
			isa = PBXGroup;
			children = (
				C4FB92402F92B4FA004161CC /* VerbaDoc4 */,
			);
			path = ..;
			sourceTree = "<group>";
		};
/* End PBXGroup section */

/* Begin PBXNativeTarget section */
		C4FB923D2F92B4FA004161CC /* VerbaDoc4 */ = {
			isa = PBXNativeTarget;
			buildConfigurationList = C4FB92492F92B4FD004161CC /* Build configuration list for PBXNativeTarget "VerbaDoc4" */;
			buildPhases = (
				C4FB923A2F92B4FA004161CC /* Sources */,
				C4FB923B2F92B4FA004161CC /* Frameworks */,
				C4FB923C2F92B4FA004161CC /* Resources */,
			);
			buildRules = (
			);
			dependencies = (
			);
			fileSystemSynchronizedGroups = (
				C4FB92402F92B4FA004161CC /* VerbaDoc4 */,
			);
			name = VerbaDoc4;
			packageProductDependencies = (
				C403590F2FBB9BB3005E14B7 /* GoogleSignIn */,
				C40359112FBB9BB3005E14B7 /* GoogleSignInSwift */,
				C403591A2FBBA007005E14B7 /* FirebaseAuth */,
				C403591C2FBBA01D005E14B7 /* FirebaseFirestore */,
				C403591E2FBBA025005E14B7 /* FirebaseCore */,
			);
			productName = VerbaDoc4;
			productReference = C4FB923E2F92B4FA004161CC /* VerbaDoc4.app */;
			productType = "com.apple.product-type.application";
		};
/* End PBXNativeTarget section */

/* Begin PBXProject section */
		C4FB92362F92B4FA004161CC /* Project object */ = {
			isa = PBXProject;
			attributes = {
				BuildIndependentTargetsInParallel = 1;
				LastSwiftUpdateCheck = 2640;
				LastUpgradeCheck = 2640;
				TargetAttributes = {
					C4FB923D2F92B4FA004161CC = {
						CreatedOnToolsVersion = 26.4;
					};
				};
			};
			buildConfigurationList = C4FB92392F92B4FA004161CC /* Build configuration list for PBXProject "VerbaDoc4" */;
			developmentRegion = en;
			hasScannedForEncodings = 0;
			knownRegions = (
				en,
				Base,
			);
			mainGroup = C4FB92352F92B4FA004161CC;
			minimizedProjectReferenceProxies = 1;
			packageReferences = (
				C403590E2FBB9BB3005E14B7 /* XCRemoteSwiftPackageReference "GoogleSignIn-iOS" */,
				C40359152FBB9F32005E14B7 /* XCRemoteSwiftPackageReference "firebase-ios-sdk" */,
			);
			preferredProjectObjectVersion = 77;
			productRefGroup = C4FB923F2F92B4FA004161CC /* Products */;
			projectDirPath = "";
			projectReferences = (
				{
					ProductGroup = C490EF572FD8569000C0E7BD /* Products */;
					ProjectRef = C490EF552FD8569000C0E7BD /* VerbaDoc4.xcodeproj */;
				},
				{
					ProductGroup = C41C02F72FC7C2B000CA029F /* Products */;
					ProjectRef = C41C02F52FC7C2B000CA029F /* VerbaDoc4.xcodeproj */;
				},
				{
					ProductGroup = C40358BA2FBA7B5C005E14B7 /* Products */;
					ProjectRef = C40358B82FBA7B5C005E14B7 /* VerbaDoc4.xcodeproj */;
				},
				{
					ProductGroup = C40358332FB93728005E14B7 /* Products */;
					ProjectRef = C40358312FB93728005E14B7 /* VerbaDoc4.xcodeproj */;
				},
				{
					ProductGroup = C44A7F602FBD37520058C334 /* Products */;
					ProjectRef = C44A7F5D2FBD37520058C334 /* VerbaDoc4.xcodeproj */;
				},
				{
					ProductGroup = C44A82102FBD3CF90058C334 /* Products */;
					ProjectRef = C44A820D2FBD3CF90058C334 /* VerbaDoc4.xcodeproj */;
				},
				{
					ProductGroup = C4AC9BC32FB1600900D38077 /* Products */;
					ProjectRef = C4AC9BC12FB1600900D38077 /* VerbaDoc4.xcodeproj */;
				},
			);
			projectRoot = "";
			targets = (
				C4FB923D2F92B4FA004161CC /* VerbaDoc4 */,
			);
		};
/* End PBXProject section */

/* Begin PBXResourcesBuildPhase section */
		C4FB923C2F92B4FA004161CC /* Resources */ = {
			isa = PBXResourcesBuildPhase;
			buildActionMask = 2147483647;
			files = (
			);
			runOnlyForDeploymentPostprocessing = 0;
		};
/* End PBXResourcesBuildPhase section */

/* Begin PBXSourcesBuildPhase section */
		C4FB923A2F92B4FA004161CC /* Sources */ = {
			isa = PBXSourcesBuildPhase;
			buildActionMask = 2147483647;
			files = (
			);
			runOnlyForDeploymentPostprocessing = 0;
		};
/* End PBXSourcesBuildPhase section */

/* Begin XCBuildConfiguration section */
		C4FB92472F92B4FD004161CC /* Debug */ = {
			isa = XCBuildConfiguration;
			buildSettings = {
				ALWAYS_SEARCH_USER_PATHS = NO;
				ASSETCATALOG_COMPILER_GENERATE_SWIFT_ASSET_SYMBOL_EXTENSIONS = YES;
				CLANG_ANALYZER_NONNULL = YES;
				CLANG_ANALYZER_NUMBER_OBJECT_CONVERSION = YES_AGGRESSIVE;
				CLANG_CXX_LANGUAGE_STANDARD = "gnu++20";
				CLANG_ENABLE_MODULES = YES;
				CLANG_ENABLE_OBJC_ARC = YES;
				CLANG_ENABLE_OBJC_WEAK = YES;
				CLANG_WARN_BLOCK_CAPTURE_AUTORELEASING = YES;
				CLANG_WARN_BOOL_CONVERSION = YES;
				CLANG_WARN_COMMA = YES;
				CLANG_WARN_CONSTANT_CONVERSION = YES;
				CLANG_WARN_DEPRECATED_OBJC_IMPLEMENTATIONS = YES;
				CLANG_WARN_DIRECT_OBJC_ISA_USAGE = YES_ERROR;
				CLANG_WARN_DOCUMENTATION_COMMENTS = YES;
				CLANG_WARN_EMPTY_BODY = YES;
				CLANG_WARN_ENUM_CONVERSION = YES;
				CLANG_WARN_INFINITE_RECURSION = YES;
				CLANG_WARN_INT_CONVERSION = YES;
				CLANG_WARN_NON_LITERAL_NULL_CONVERSION = YES;
				CLANG_WARN_OBJC_IMPLICIT_RETAIN_SELF = YES;
				CLANG_WARN_OBJC_LITERAL_CONVERSION = YES;
				CLANG_WARN_OBJC_ROOT_CLASS = YES_ERROR;
				CLANG_WARN_QUOTED_INCLUDE_IN_FRAMEWORK_HEADER = YES;
				CLANG_WARN_RANGE_LOOP_ANALYSIS = YES;
				CLANG_WARN_STRICT_PROTOTYPES = YES;
				CLANG_WARN_SUSPICIOUS_MOVE = YES;
				CLANG_WARN_UNGUARDED_AVAILABILITY = YES_AGGRESSIVE;
				CLANG_WARN_UNREACHABLE_CODE = YES;
				CLANG_WARN__DUPLICATE_METHOD_MATCH = YES;
				COPY_PHASE_STRIP = NO;
				DEBUG_INFORMATION_FORMAT = dwarf;
				DEVELOPMENT_TEAM = X93VUUDS5Y;
				ENABLE_STRICT_OBJC_MSGSEND = YES;
				ENABLE_TESTABILITY = YES;
				ENABLE_USER_SCRIPT_SANDBOXING = YES;
				GCC_C_LANGUAGE_STANDARD = gnu17;
				GCC_DYNAMIC_NO_PIC = NO;
				GCC_NO_COMMON_BLOCKS = YES;
				GCC_OPTIMIZATION_LEVEL = 0;
				GCC_PREPROCESSOR_DEFINITIONS = (
					"DEBUG=1",
					"$(inherited)",
				);
				GCC_WARN_64_TO_32_BIT_CONVERSION = YES;
				GCC_WARN_ABOUT_RETURN_TYPE = YES_ERROR;
				GCC_WARN_UNDECLARED_SELECTOR = YES;
				GCC_WARN_UNINITIALIZED_AUTOS = YES_AGGRESSIVE;
				GCC_WARN_UNUSED_FUNCTION = YES;
				GCC_WARN_UNUSED_VARIABLE = YES;
				IPHONEOS_DEPLOYMENT_TARGET = 26.4;
				LOCALIZATION_PREFERS_STRING_CATALOGS = YES;
				MTL_ENABLE_DEBUG_INFO = INCLUDE_SOURCE;
				MTL_FAST_MATH = YES;
				ONLY_ACTIVE_ARCH = YES;
				SDKROOT = iphoneos;
				SWIFT_ACTIVE_COMPILATION_CONDITIONS = "DEBUG $(inherited)";
				SWIFT_OPTIMIZATION_LEVEL = "-Onone";
			};
			name = Debug;
		};
		C4FB92482F92B4FD004161CC /* Release */ = {
			isa = XCBuildConfiguration;
			buildSettings = {
				ALWAYS_SEARCH_USER_PATHS = NO;
				ASSETCATALOG_COMPILER_GENERATE_SWIFT_ASSET_SYMBOL_EXTENSIONS = YES;
				CLANG_ANALYZER_NONNULL = YES;
				CLANG_ANALYZER_NUMBER_OBJECT_CONVERSION = YES_AGGRESSIVE;
				CLANG_CXX_LANGUAGE_STANDARD = "gnu++20";
				CLANG_ENABLE_MODULES = YES;
				CLANG_ENABLE_OBJC_ARC = YES;
				CLANG_ENABLE_OBJC_WEAK = YES;
				CLANG_WARN_BLOCK_CAPTURE_AUTORELEASING = YES;
				CLANG_WARN_BOOL_CONVERSION = YES;
				CLANG_WARN_COMMA = YES;
				CLANG_WARN_CONSTANT_CONVERSION = YES;
				CLANG_WARN_DEPRECATED_OBJC_IMPLEMENTATIONS = YES;
				CLANG_WARN_DIRECT_OBJC_ISA_USAGE = YES_ERROR;
				CLANG_WARN_DOCUMENTATION_COMMENTS = YES;
				CLANG_WARN_EMPTY_BODY = YES;
				CLANG_WARN_ENUM_CONVERSION = YES;
				CLANG_WARN_INFINITE_RECURSION = YES;
				CLANG_WARN_INT_CONVERSION = YES;
				CLANG_WARN_NON_LITERAL_NULL_CONVERSION = YES;
				CLANG_WARN_OBJC_IMPLICIT_RETAIN_SELF = YES;
				CLANG_WARN_OBJC_LITERAL_CONVERSION = YES;
				CLANG_WARN_OBJC_ROOT_CLASS = YES_ERROR;
				CLANG_WARN_QUOTED_INCLUDE_IN_FRAMEWORK_HEADER = YES;
				CLANG_WARN_RANGE_LOOP_ANALYSIS = YES;
				CLANG_WARN_STRICT_PROTOTYPES = YES;
				CLANG_WARN_SUSPICIOUS_MOVE = YES;
				CLANG_WARN_UNGUARDED_AVAILABILITY = YES_AGGRESSIVE;
				CLANG_WARN_UNREACHABLE_CODE = YES;
				CLANG_WARN__DUPLICATE_METHOD_MATCH = YES;
				COPY_PHASE_STRIP = NO;
				DEBUG_INFORMATION_FORMAT = "dwarf-with-dsym";
				DEVELOPMENT_TEAM = X93VUUDS5Y;
				ENABLE_NS_ASSERTIONS = NO;
				ENABLE_STRICT_OBJC_MSGSEND = YES;
				ENABLE_USER_SCRIPT_SANDBOXING = YES;
				GCC_C_LANGUAGE_STANDARD = gnu17;
				GCC_NO_COMMON_BLOCKS = YES;
				GCC_WARN_64_TO_32_BIT_CONVERSION = YES;
				GCC_WARN_ABOUT_RETURN_TYPE = YES_ERROR;
				GCC_WARN_UNDECLARED_SELECTOR = YES;
				GCC_WARN_UNINITIALIZED_AUTOS = YES_AGGRESSIVE;
				GCC_WARN_UNUSED_FUNCTION = YES;
				GCC_WARN_UNUSED_VARIABLE = YES;
				IPHONEOS_DEPLOYMENT_TARGET = 26.4;
				LOCALIZATION_PREFERS_STRING_CATALOGS = YES;
				MTL_ENABLE_DEBUG_INFO = NO;
				MTL_FAST_MATH = YES;
				SDKROOT = iphoneos;
				SWIFT_COMPILATION_MODE = wholemodule;
				VALIDATE_PRODUCT = YES;
			};
			name = Release;
		};
		C4FB924A2F92B4FD004161CC /* Debug */ = {
			isa = XCBuildConfiguration;
			buildSettings = {
				ASSETCATALOG_COMPILER_APPICON_NAME = AppIcon;
				ASSETCATALOG_COMPILER_GLOBAL_ACCENT_COLOR_NAME = AccentColor;
				CODE_SIGN_STYLE = Automatic;
				CURRENT_PROJECT_VERSION = 1;
				DEVELOPMENT_TEAM = X93VUUDS5Y;
				ENABLE_PREVIEWS = YES;
				INFOPLIST_FILE = "../VerbaDoc4-Info.plist";
				INFOPLIST_KEY_CFBundleDisplayName = VerbaDoc;
				INFOPLIST_KEY_NSPhotoLibraryUsageDescription = "VerbaDoc uses your photo library to import notes and textbook pages.";
				INFOPLIST_KEY_UIApplicationSceneManifest_Generation = YES;
				INFOPLIST_KEY_UIApplicationSupportsIndirectInputEvents = YES;
				INFOPLIST_KEY_UILaunchScreen_Generation = YES;
				INFOPLIST_KEY_UISupportedInterfaceOrientations_iPad = "UIInterfaceOrientationPortrait UIInterfaceOrientationPortraitUpsideDown UIInterfaceOrientationLandscapeLeft UIInterfaceOrientationLandscapeRight";
				INFOPLIST_KEY_UISupportedInterfaceOrientations_iPhone = "UIInterfaceOrientationPortrait UIInterfaceOrientationLandscapeLeft UIInterfaceOrientationLandscapeRight";
				LD_RUNPATH_SEARCH_PATHS = (
					"$(inherited)",
					"@executable_path/Frameworks",
				);
				MARKETING_VERSION = 1.0;
				PRODUCT_BUNDLE_IDENTIFIER = com.zoey.verbadoc.VerbaDoc4;
				PRODUCT_NAME = "$(TARGET_NAME)";
				STRING_CATALOG_GENERATE_SYMBOLS = YES;
				SWIFT_EMIT_LOC_STRINGS = YES;
				SWIFT_VERSION = 5.0;
				TARGETED_DEVICE_FAMILY = "1,2";
			};
			name = Debug;
		};
		C4FB924B2F92B4FD004161CC /* Release */ = {
			isa = XCBuildConfiguration;
			buildSettings = {
				ASSETCATALOG_COMPILER_APPICON_NAME = AppIcon;
				ASSETCATALOG_COMPILER_GLOBAL_ACCENT_COLOR_NAME = AccentColor;
				CODE_SIGN_STYLE = Automatic;
				CURRENT_PROJECT_VERSION = 1;
				DEVELOPMENT_TEAM = X93VUUDS5Y;
				ENABLE_PREVIEWS = YES;
				INFOPLIST_FILE = "../VerbaDoc4-Info.plist";
				INFOPLIST_KEY_CFBundleDisplayName = VerbaDoc;
				INFOPLIST_KEY_NSPhotoLibraryUsageDescription = "VerbaDoc uses your photo library to import notes and textbook pages.";
				INFOPLIST_KEY_UIApplicationSceneManifest_Generation = YES;
				INFOPLIST_KEY_UIApplicationSupportsIndirectInputEvents = YES;
				INFOPLIST_KEY_UILaunchScreen_Generation = YES;
				INFOPLIST_KEY_UISupportedInterfaceOrientations_iPad = "UIInterfaceOrientationPortrait UIInterfaceOrientationPortraitUpsideDown UIInterfaceOrientationLandscapeLeft UIInterfaceOrientationLandscapeRight";
				INFOPLIST_KEY_UISupportedInterfaceOrientations_iPhone = "UIInterfaceOrientationPortrait UIInterfaceOrientationLandscapeLeft UIInterfaceOrientationLandscapeRight";
				LD_RUNPATH_SEARCH_PATHS = (
					"$(inherited)",
					"@executable_path/Frameworks",
				);
				MARKETING_VERSION = 1.0;
				PRODUCT_BUNDLE_IDENTIFIER = com.zoey.verbadoc.VerbaDoc4;
				PRODUCT_NAME = "$(TARGET_NAME)";
				STRING_CATALOG_GENERATE_SYMBOLS = YES;
				SWIFT_EMIT_LOC_STRINGS = YES;
				SWIFT_VERSION = 5.0;
				TARGETED_DEVICE_FAMILY = "1,2";
			};
			name = Release;
		};
/* End XCBuildConfiguration section */

/* Begin XCConfigurationList section */
		C4FB92392F92B4FA004161CC /* Build configuration list for PBXProject "VerbaDoc4" */ = {
			isa = XCConfigurationList;
			buildConfigurations = (
				C4FB92472F92B4FD004161CC /* Debug */,
				C4FB92482F92B4FD004161CC /* Release */,
			);
			defaultConfigurationIsVisible = 0;
			defaultConfigurationName = Release;
		};
		C4FB92492F92B4FD004161CC /* Build configuration list for PBXNativeTarget "VerbaDoc4" */ = {
			isa = XCConfigurationList;
			buildConfigurations = (
				C4FB924A2F92B4FD004161CC /* Debug */,
				C4FB924B2F92B4FD004161CC /* Release */,
			);
			defaultConfigurationIsVisible = 0;
			defaultConfigurationName = Release;
		};
/* End XCConfigurationList section */

/* Begin XCRemoteSwiftPackageReference section */
		C403590E2FBB9BB3005E14B7 /* XCRemoteSwiftPackageReference "GoogleSignIn-iOS" */ = {
			isa = XCRemoteSwiftPackageReference;
			repositoryURL = "https://github.com/google/GoogleSignIn-iOS.git";
			requirement = {
				kind = upToNextMajorVersion;
				minimumVersion = 9.1.0;
			};
		};
		C40359152FBB9F32005E14B7 /* XCRemoteSwiftPackageReference "firebase-ios-sdk" */ = {
			isa = XCRemoteSwiftPackageReference;
			repositoryURL = "https://github.com/firebase/firebase-ios-sdk.git";
			requirement = {
				kind = upToNextMajorVersion;
				minimumVersion = 12.13.0;
			};
		};
/* End XCRemoteSwiftPackageReference section */

/* Begin XCSwiftPackageProductDependency section */
		C403590F2FBB9BB3005E14B7 /* GoogleSignIn */ = {
			isa = XCSwiftPackageProductDependency;
			package = C403590E2FBB9BB3005E14B7 /* XCRemoteSwiftPackageReference "GoogleSignIn-iOS" */;
			productName = GoogleSignIn;
		};
		C40359112FBB9BB3005E14B7 /* GoogleSignInSwift */ = {
			isa = XCSwiftPackageProductDependency;
			package = C403590E2FBB9BB3005E14B7 /* XCRemoteSwiftPackageReference "GoogleSignIn-iOS" */;
			productName = GoogleSignInSwift;
		};
		C403591A2FBBA007005E14B7 /* FirebaseAuth */ = {
			isa = XCSwiftPackageProductDependency;
			package = C40359152FBB9F32005E14B7 /* XCRemoteSwiftPackageReference "firebase-ios-sdk" */;
			productName = FirebaseAuth;
		};
		C403591C2FBBA01D005E14B7 /* FirebaseFirestore */ = {
			isa = XCSwiftPackageProductDependency;
			package = C40359152FBB9F32005E14B7 /* XCRemoteSwiftPackageReference "firebase-ios-sdk" */;
			productName = FirebaseFirestore;
		};
		C403591E2FBBA025005E14B7 /* FirebaseCore */ = {
			isa = XCSwiftPackageProductDependency;
			package = C40359152FBB9F32005E14B7 /* XCRemoteSwiftPackageReference "firebase-ios-sdk" */;
			productName = FirebaseCore;
		};
/* End XCSwiftPackageProductDependency section */
	};
	rootObject = C4FB92362F92B4FA004161CC /* Project object */;
}
